
Microsoft Visual Studio Solution File, Format Version 12.00
# Visual Studio Version 16
VisualStudioVersion = 16.0.30621.155
MinimumVisualStudioVersion = 10.0.40219.1
Project("{9A19103F-16F7-4668-BE54-9A1E7A4F7556}") = "Password Generator", "Password Generator\Password Generator.csproj", "{92134933-ADC5-478A-912A-E37F9CCAE9F4}"
EndProject
Global
	GlobalSection(SolutionConfigurationPlatforms) = preSolution
		Debug|Any CPU = Debug|Any CPU
		Release|Any CPU = Release|Any CPU
	EndGlobalSection
	GlobalSection(ProjectConfigurationPlatforms) = postSolution
		{92134933-ADC5-478A-912A-E37F9CCAE9F4}.Debug|Any CPU.ActiveCfg = Debug|Any CPU
		{92134933-ADC5-478A-912A-E37F9CCAE9F4}.Debug|Any CPU.Build.0 = Debug|Any CPU
		{92134933-ADC5-478A-912A-E37F9CCAE9F4}.Release|Any CPU.ActiveCfg = Release|Any CPU
		{92134933-ADC5-478A-912A-E37F9CCAE9F4}.Release|Any CPU.Build.0 = Release|Any CPU
	EndGlobalSection
	GlobalSection(SolutionProperties) = preSolution
		HideSolutionNode = FALSE
	EndGlobalSection
	GlobalSection(ExtensibilityGlobals) = postSolution
		SolutionGuid = {A67BEE69-81E4-4F49-8427-66B672C5FF92}
	EndGlobalSection
EndGlobal
